
Microsoft Visual Studio Solution File, Format Version 12.00
# Visual Studio Version 16
VisualStudioVersion = 16.0.28803.452
MinimumVisualStudioVersion = 10.0.40219.1
Project("{9A19103F-16F7-4668-BE54-9A1E7A4F7556}") = "Identity", "Identity.csproj", "{F1767B45-8A3F-4301-9C68-8CE36E321F19}"
EndProject
Global
	GlobalSection(SolutionConfigurationPlatforms) = preSolution
		Debug|Any CPU = Debug|Any CPU
		Release|Any CPU = Release|Any CPU
	EndGlobalSection
	GlobalSection(ProjectConfigurationPlatforms) = postSolution
		{F1767B45-8A3F-4301-9C68-8CE36E321F19}.Debug|Any CPU.ActiveCfg = Debug|Any CPU
		{F1767B45-8A3F-4301-9C68-8CE36E321F19}.Debug|Any CPU.Build.0 = Debug|Any CPU
		{F1767B45-8A3F-4301-9C68-8CE36E321F19}.Release|Any CPU.ActiveCfg = Release|Any CPU
		{F1767B45-8A3F-4301-9C68-8CE36E321F19}.Release|Any CPU.Build.0 = Release|Any CPU
	EndGlobalSection
	GlobalSection(SolutionProperties) = preSolution
		HideSolutionNode = FALSE
	EndGlobalSection
	GlobalSection(ExtensibilityGlobals) = postSolution
		SolutionGuid = {8C30E76C-6F80-4C86-B709-883CB1E67A19}
	EndGlobalSection
EndGlobal
